// !$*UTF8*$!
{
	archiveVersion = 1;
	classes = {
	};
	objectVersion = 46;
	objects = {

/* Begin PBXBuildFile section */
		624C65581C1AFADD00263C20 /* Assets.xcassets in Resources */ = {isa = PBXBuildFile; fileRef = 624C65571C1AFADD00263C20 /* Assets.xcassets */; };
		624C655B1C1AFADD00263C20 /* LaunchScreen.storyboard in Resources */ = {isa = PBXBuildFile; fileRef = 624C65591C1AFADD00263C20 /* LaunchScreen.storyboard */; };
		626EC2101C8FC41600571467 /* 798 in Resources */ = {isa = PBXBuildFile; fileRef = 626EC2061C8FC41600571467 /* 798 */; };
		626EC2111C8FC41600571467 /* Classify in Resources */ = {isa = PBXBuildFile; fileRef = 626EC2071C8FC41600571467 /* Classify */; };
		626EC2121C8FC41600571467 /* Details in Resources */ = {isa = PBXBuildFile; fileRef = 626EC2081C8FC41600571467 /* Details */; };
		626EC2131C8FC41600571467 /* events in Resources */ = {isa = PBXBuildFile; fileRef = 626EC2091C8FC41600571467 /* events */; };
		626EC2141C8FC41600571467 /* Experience in Resources */ = {isa = PBXBuildFile; fileRef = 626EC20A1C8FC41600571467 /* Experience */; };
		626EC2151C8FC41600571467 /* More in Resources */ = {isa = PBXBuildFile; fileRef = 626EC20B1C8FC41600571467 /* More */; };
		626EC2161C8FC41600571467 /* Nears in Resources */ = {isa = PBXBuildFile; fileRef = 626EC20C1C8FC41600571467 /* Nears */; };
		626EC2171C8FC41600571467 /* themes in Resources */ = {isa = PBXBuildFile; fileRef = 626EC20D1C8FC41600571467 /* themes */; };
		626EC2181C8FC41600571467 /* 三里屯 in Resources */ = {isa = PBXBuildFile; fileRef = 626EC20E1C8FC41600571467 /* 三里屯 */; };
		626EC2191C8FC41600571467 /* 南锣鼓巷 in Resources */ = {isa = PBXBuildFile; fileRef = 626EC20F1C8FC41600571467 /* 南锣鼓巷 */; };
		626EC2361C8FC42B00571467 /* DoubleTextView.swift in Sources */ = {isa = PBXBuildFile; fileRef = 626EC2261C8FC42B00571467 /* DoubleTextView.swift */; };
		626EC2371C8FC42B00571467 /* ExploreViewController.swift in Sources */ = {isa = PBXBuildFile; fileRef = 626EC2271C8FC42B00571467 /* ExploreViewController.swift */; };
		626EC2381C8FC42B00571467 /* LeadpageViewController.swift in Sources */ = {isa = PBXBuildFile; fileRef = 626EC22A1C8FC42B00571467 /* LeadpageViewController.swift */; };
		626EC2391C8FC42B00571467 /* MainNavigationController.swift in Sources */ = {isa = PBXBuildFile; fileRef = 626EC22B1C8FC42B00571467 /* MainNavigationController.swift */; };
		626EC23A1C8FC42B00571467 /* MainTabBarController.swift in Sources */ = {isa = PBXBuildFile; fileRef = 626EC22C1C8FC42B00571467 /* MainTabBarController.swift */; };
		626EC23B1C8FC42B00571467 /* MainViewController.swift in Sources */ = {isa = PBXBuildFile; fileRef = 626EC22D1C8FC42B00571467 /* MainViewController.swift */; };
		626EC23C1C8FC42B00571467 /* theme.swift in Sources */ = {isa = PBXBuildFile; fileRef = 626EC2301C8FC42B00571467 /* theme.swift */; };
		626EC23E1C8FC65400571467 /* AppDelegate.swift in Sources */ = {isa = PBXBuildFile; fileRef = 626EC23D1C8FC65400571467 /* AppDelegate.swift */; };
		626EC2401C8FC94400571467 /* ExperienceViewController.swift in Sources */ = {isa = PBXBuildFile; fileRef = 626EC23F1C8FC94400571467 /* ExperienceViewController.swift */; };
		626EC2421C8FCA2200571467 /* ClassifyViewController.swift in Sources */ = {isa = PBXBuildFile; fileRef = 626EC2411C8FCA2200571467 /* ClassifyViewController.swift */; };
		626EC2441C8FCA4300571467 /* MeViewController.swift in Sources */ = {isa = PBXBuildFile; fileRef = 626EC2431C8FCA4300571467 /* MeViewController.swift */; };
		626EC2461C8FCE3D00571467 /* UIColor+sdColor.swift in Sources */ = {isa = PBXBuildFile; fileRef = 626EC2451C8FCE3D00571467 /* UIColor+sdColor.swift */; };
		626EC2661C8FFBE400571467 /* RegExCategories.m in Sources */ = {isa = PBXBuildFile; fileRef = 626EC2651C8FFBE400571467 /* RegExCategories.m */; };
		626EC2681C90012B00571467 /* glass.wav in Resources */ = {isa = PBXBuildFile; fileRef = 626EC2671C90012B00571467 /* glass.wav */; };
		626EC26C1C9007CB00571467 /* UserInfoManager.swift in Sources */ = {isa = PBXBuildFile; fileRef = 626EC26B1C9007CB00571467 /* UserInfoManager.swift */; };
		D9C544849E3F3C1F12DC8C23 /* Pods_SmallDayDemo.framework in Frameworks */ = {isa = PBXBuildFile; fileRef = CDE2B64AFF6602633F6B6D91 /* Pods_SmallDayDemo.framework */; };
/* End PBXBuildFile section */

/* Begin PBXFileReference section */
		4D19C03AA66C3DFD046C0B5B /* Pods-SmallDayDemo.debug.xcconfig */ = {isa = PBXFileReference; includeInIndex = 1; lastKnownFileType = text.xcconfig; name = "Pods-SmallDayDemo.debug.xcconfig"; path = "Pods/Target Support Files/Pods-SmallDayDemo/Pods-SmallDayDemo.debug.xcconfig"; sourceTree = "<group>"; };
		624C654D1C1AFADD00263C20 /* SmallDayDemo.app */ = {isa = PBXFileReference; explicitFileType = wrapper.application; includeInIndex = 0; path = SmallDayDemo.app; sourceTree = BUILT_PRODUCTS_DIR; };
		624C65571C1AFADD00263C20 /* Assets.xcassets */ = {isa = PBXFileReference; lastKnownFileType = folder.assetcatalog; path = Assets.xcassets; sourceTree = "<group>"; };
		624C655A1C1AFADD00263C20 /* Base */ = {isa = PBXFileReference; lastKnownFileType = file.storyboard; name = Base; path = Base.lproj/LaunchScreen.storyboard; sourceTree = "<group>"; };
		624C655C1C1AFADD00263C20 /* Info.plist */ = {isa = PBXFileReference; lastKnownFileType = text.plist.xml; path = Info.plist; sourceTree = "<group>"; };
		626EC2061C8FC41600571467 /* 798 */ = {isa = PBXFileReference; fileEncoding = 4; lastKnownFileType = text; path = 798; sourceTree = "<group>"; };
		626EC2071C8FC41600571467 /* Classify */ = {isa = PBXFileReference; fileEncoding = 4; lastKnownFileType = text; path = Classify; sourceTree = "<group>"; };
		626EC2081C8FC41600571467 /* Details */ = {isa = PBXFileReference; fileEncoding = 4; lastKnownFileType = text; path = Details; sourceTree = "<group>"; };
		626EC2091C8FC41600571467 /* events */ = {isa = PBXFileReference; fileEncoding = 4; lastKnownFileType = text; path = events; sourceTree = "<group>"; };
		626EC20A1C8FC41600571467 /* Experience */ = {isa = PBXFileReference; fileEncoding = 4; lastKnownFileType = text; path = Experience; sourceTree = "<group>"; };
		626EC20B1C8FC41600571467 /* More */ = {isa = PBXFileReference; fileEncoding = 4; lastKnownFileType = text; path = More; sourceTree = "<group>"; };
		626EC20C1C8FC41600571467 /* Nears */ = {isa = PBXFileReference; fileEncoding = 4; lastKnownFileType = text; path = Nears; sourceTree = "<group>"; };
		626EC20D1C8FC41600571467 /* themes */ = {isa = PBXFileReference; fileEncoding = 4; lastKnownFileType = text; path = themes; sourceTree = "<group>"; };
		626EC20E1C8FC41600571467 /* 三里屯 */ = {isa = PBXFileReference; fileEncoding = 4; lastKnownFileType = text; path = "三里屯"; sourceTree = "<group>"; };
		626EC20F1C8FC41600571467 /* 南锣鼓巷 */ = {isa = PBXFileReference; fileEncoding = 4; lastKnownFileType = text; path = "南锣鼓巷"; sourceTree = "<group>"; };
		626EC2261C8FC42B00571467 /* DoubleTextView.swift */ = {isa = PBXFileReference; fileEncoding = 4; lastKnownFileType = sourcecode.swift; path = DoubleTextView.swift; sourceTree = "<group>"; };
		626EC2271C8FC42B00571467 /* ExploreViewController.swift */ = {isa = PBXFileReference; fileEncoding = 4; lastKnownFileType = sourcecode.swift; path = ExploreViewController.swift; sourceTree = "<group>"; };
		626EC22A1C8FC42B00571467 /* LeadpageViewController.swift */ = {isa = PBXFileReference; fileEncoding = 4; lastKnownFileType = sourcecode.swift; path = LeadpageViewController.swift; sourceTree = "<group>"; };
		626EC22B1C8FC42B00571467 /* MainNavigationController.swift */ = {isa = PBXFileReference; fileEncoding = 4; lastKnownFileType = sourcecode.swift; path = MainNavigationController.swift; sourceTree = "<group>"; };
		626EC22C1C8FC42B00571467 /* MainTabBarController.swift */ = {isa = PBXFileReference; fileEncoding = 4; lastKnownFileType = sourcecode.swift; path = MainTabBarController.swift; sourceTree = "<group>"; };
		626EC22D1C8FC42B00571467 /* MainViewController.swift */ = {isa = PBXFileReference; fileEncoding = 4; lastKnownFileType = sourcecode.swift; path = MainViewController.swift; sourceTree = "<group>"; };
		626EC2301C8FC42B00571467 /* theme.swift */ = {isa = PBXFileReference; fileEncoding = 4; lastKnownFileType = sourcecode.swift; path = theme.swift; sourceTree = "<group>"; };
		626EC23D1C8FC65400571467 /* AppDelegate.swift */ = {isa = PBXFileReference; fileEncoding = 4; lastKnownFileType = sourcecode.swift; path = AppDelegate.swift; sourceTree = "<group>"; };
		626EC23F1C8FC94400571467 /* ExperienceViewController.swift */ = {isa = PBXFileReference; fileEncoding = 4; lastKnownFileType = sourcecode.swift; path = ExperienceViewController.swift; sourceTree = "<group>"; };
		626EC2411C8FCA2200571467 /* ClassifyViewController.swift */ = {isa = PBXFileReference; fileEncoding = 4; lastKnownFileType = sourcecode.swift; path = ClassifyViewController.swift; sourceTree = "<group>"; };
		626EC2431C8FCA4300571467 /* MeViewController.swift */ = {isa = PBXFileReference; fileEncoding = 4; lastKnownFileType = sourcecode.swift; path = MeViewController.swift; sourceTree = "<group>"; };
		626EC2451C8FCE3D00571467 /* UIColor+sdColor.swift */ = {isa = PBXFileReference; fileEncoding = 4; lastKnownFileType = sourcecode.swift; path = "UIColor+sdColor.swift"; sourceTree = "<group>"; };
		626EC2601C8FFBD400571467 /* SmallDayDemo-Bridging-Header.h */ = {isa = PBXFileReference; lastKnownFileType = sourcecode.c.h; path = "SmallDayDemo-Bridging-Header.h"; sourceTree = "<group>"; };
		626EC2641C8FFBE400571467 /* RegExCategories.h */ = {isa = PBXFileReference; fileEncoding = 4; lastKnownFileType = sourcecode.c.h; path = RegExCategories.h; sourceTree = "<group>"; };
		626EC2651C8FFBE400571467 /* RegExCategories.m */ = {isa = PBXFileReference; fileEncoding = 4; lastKnownFileType = sourcecode.c.objc; path = RegExCategories.m; sourceTree = "<group>"; };
		626EC2671C90012B00571467 /* glass.wav */ = {isa = PBXFileReference; lastKnownFileType = audio.wav; path = glass.wav; sourceTree = "<group>"; };
		626EC26B1C9007CB00571467 /* UserInfoManager.swift */ = {isa = PBXFileReference; fileEncoding = 4; lastKnownFileType = sourcecode.swift; path = UserInfoManager.swift; sourceTree = "<group>"; };
		B6EF97E96F3E6CAFA5376DBE /* Pods-SmallDayDemo.release.xcconfig */ = {isa = PBXFileReference; includeInIndex = 1; lastKnownFileType = text.xcconfig; name = "Pods-SmallDayDemo.release.xcconfig"; path = "Pods/Target Support Files/Pods-SmallDayDemo/Pods-SmallDayDemo.release.xcconfig"; sourceTree = "<group>"; };
		CDE2B64AFF6602633F6B6D91 /* Pods_SmallDayDemo.framework */ = {isa = PBXFileReference; explicitFileType = wrapper.framework; includeInIndex = 0; path = Pods_SmallDayDemo.framework; sourceTree = BUILT_PRODUCTS_DIR; };
/* End PBXFileReference section */

/* Begin PBXFrameworksBuildPhase section */
		624C654A1C1AFADD00263C20 /* Frameworks */ = {
			isa = PBXFrameworksBuildPhase;
			buildActionMask = 2147483647;
			files = (
				D9C544849E3F3C1F12DC8C23 /* Pods_SmallDayDemo.framework in Frameworks */,
			);
			runOnlyForDeploymentPostprocessing = 0;
		};
/* End PBXFrameworksBuildPhase section */

/* Begin PBXGroup section */
		1CA5A4405F76184F8A6BAD30 /* Pods */ = {
			isa = PBXGroup;
			children = (
				4D19C03AA66C3DFD046C0B5B /* Pods-SmallDayDemo.debug.xcconfig */,
				B6EF97E96F3E6CAFA5376DBE /* Pods-SmallDayDemo.release.xcconfig */,
			);
			name = Pods;
			sourceTree = "<group>";
		};
		4FA3587F4DBF5B38E31B8B76 /* Frameworks */ = {
			isa = PBXGroup;
			children = (
				CDE2B64AFF6602633F6B6D91 /* Pods_SmallDayDemo.framework */,
			);
			name = Frameworks;
			sourceTree = "<group>";
		};
		624C65441C1AFADD00263C20 = {
			isa = PBXGroup;
			children = (
				624C654F1C1AFADD00263C20 /* SmallDayDemo */,
				624C654E1C1AFADD00263C20 /* Products */,
				1CA5A4405F76184F8A6BAD30 /* Pods */,
				4FA3587F4DBF5B38E31B8B76 /* Frameworks */,
			);
			sourceTree = "<group>";
		};
		624C654E1C1AFADD00263C20 /* Products */ = {
			isa = PBXGroup;
			children = (
				624C654D1C1AFADD00263C20 /* SmallDayDemo.app */,
			);
			name = Products;
			sourceTree = "<group>";
		};
		624C654F1C1AFADD00263C20 /* SmallDayDemo */ = {
			isa = PBXGroup;
			children = (
				624C65651C1B1E0600263C20 /* Supporting Files */,
				626EC21A1C8FC42B00571467 /* Classes */,
				624C65641C1B1D7000263C20 /* Resource */,
			);
			path = SmallDayDemo;
			sourceTree = "<group>";
		};
		624C65641C1B1D7000263C20 /* Resource */ = {
			isa = PBXGroup;
			children = (
				626EC2051C8FC41600571467 /* CustomData */,
			);
			path = Resource;
			sourceTree = "<group>";
		};
		624C65651C1B1E0600263C20 /* Supporting Files */ = {
			isa = PBXGroup;
			children = (
				626EC2671C90012B00571467 /* glass.wav */,
				626EC23D1C8FC65400571467 /* AppDelegate.swift */,
				624C65591C1AFADD00263C20 /* LaunchScreen.storyboard */,
				624C655C1C1AFADD00263C20 /* Info.plist */,
				624C65571C1AFADD00263C20 /* Assets.xcassets */,
				626EC2601C8FFBD400571467 /* SmallDayDemo-Bridging-Header.h */,
			);
			name = "Supporting Files";
			sourceTree = "<group>";
		};
		626EC2051C8FC41600571467 /* CustomData */ = {
			isa = PBXGroup;
			children = (
				626EC2061C8FC41600571467 /* 798 */,
				626EC2071C8FC41600571467 /* Classify */,
				626EC2081C8FC41600571467 /* Details */,
				626EC2091C8FC41600571467 /* events */,
				626EC20A1C8FC41600571467 /* Experience */,
				626EC20B1C8FC41600571467 /* More */,
				626EC20C1C8FC41600571467 /* Nears */,
				626EC20D1C8FC41600571467 /* themes */,
				626EC20E1C8FC41600571467 /* 三里屯 */,
				626EC20F1C8FC41600571467 /* 南锣鼓巷 */,
			);
			path = CustomData;
			sourceTree = "<group>";
		};
		626EC21A1C8FC42B00571467 /* Classes */ = {
			isa = PBXGroup;
			children = (
				626EC21B1C8FC42B00571467 /* BusinessModel */,
				626EC2211C8FC42B00571467 /* Tools */,
				626EC2221C8FC42B00571467 /* UI */,
				626EC2311C8FC42B00571467 /* Venders */,
			);
			path = Classes;
			sourceTree = "<group>";
		};
		626EC21B1C8FC42B00571467 /* BusinessModel */ = {
			isa = PBXGroup;
			children = (
			);
			path = BusinessModel;
			sourceTree = "<group>";
		};
		626EC2211C8FC42B00571467 /* Tools */ = {
			isa = PBXGroup;
			children = (
				626EC26B1C9007CB00571467 /* UserInfoManager.swift */,
			);
			path = Tools;
			sourceTree = "<group>";
		};
		626EC2221C8FC42B00571467 /* UI */ = {
			isa = PBXGroup;
			children = (
				626EC2231C8FC42B00571467 /* Classify */,
				626EC2241C8FC42B00571467 /* Experience */,
				626EC2251C8FC42B00571467 /* Explore */,
				626EC2281C8FC42B00571467 /* Extension */,
				626EC2291C8FC42B00571467 /* Main */,
				626EC22E1C8FC42B00571467 /* Me */,
				626EC22F1C8FC42B00571467 /* Other */,
			);
			path = UI;
			sourceTree = "<group>";
		};
		626EC2231C8FC42B00571467 /* Classify */ = {
			isa = PBXGroup;
			children = (
				626EC2411C8FCA2200571467 /* ClassifyViewController.swift */,
			);
			path = Classify;
			sourceTree = "<group>";
		};
		626EC2241C8FC42B00571467 /* Experience */ = {
			isa = PBXGroup;
			children = (
				626EC23F1C8FC94400571467 /* ExperienceViewController.swift */,
			);
			path = Experience;
			sourceTree = "<group>";
		};
		626EC2251C8FC42B00571467 /* Explore */ = {
			isa = PBXGroup;
			children = (
				626EC2261C8FC42B00571467 /* DoubleTextView.swift */,
				626EC2271C8FC42B00571467 /* ExploreViewController.swift */,
			);
			path = Explore;
			sourceTree = "<group>";
		};
		626EC2281C8FC42B00571467 /* Extension */ = {
			isa = PBXGroup;
			children = (
				626EC2641C8FFBE400571467 /* RegExCategories.h */,
				626EC2651C8FFBE400571467 /* RegExCategories.m */,
				626EC2451C8FCE3D00571467 /* UIColor+sdColor.swift */,
			);
			path = Extension;
			sourceTree = "<group>";
		};
		626EC2291C8FC42B00571467 /* Main */ = {
			isa = PBXGroup;
			children = (
				626EC22A1C8FC42B00571467 /* LeadpageViewController.swift */,
				626EC22B1C8FC42B00571467 /* MainNavigationController.swift */,
				626EC22C1C8FC42B00571467 /* MainTabBarController.swift */,
				626EC22D1C8FC42B00571467 /* MainViewController.swift */,
			);
			path = Main;
			sourceTree = "<group>";
		};
		626EC22E1C8FC42B00571467 /* Me */ = {
			isa = PBXGroup;
			children = (
				626EC2431C8FCA4300571467 /* MeViewController.swift */,
			);
			path = Me;
			sourceTree = "<group>";
		};
		626EC22F1C8FC42B00571467 /* Other */ = {
			isa = PBXGroup;
			children = (
				626EC2301C8FC42B00571467 /* theme.swift */,
			);
			path = Other;
			sourceTree = "<group>";
		};
		626EC2311C8FC42B00571467 /* Venders */ = {
			isa = PBXGroup;
			children = (
			);
			path = Venders;
			sourceTree = "<group>";
		};
/* End PBXGroup section */

/* Begin PBXNativeTarget section */
		624C654C1C1AFADD00263C20 /* SmallDayDemo */ = {
			isa = PBXNativeTarget;
			buildConfigurationList = 624C655F1C1AFADD00263C20 /* Build configuration list for PBXNativeTarget "SmallDayDemo" */;
			buildPhases = (
				396409A8BCC2D47A631E5DBC /* Check Pods Manifest.lock */,
				624C65491C1AFADD00263C20 /* Sources */,
				624C654A1C1AFADD00263C20 /* Frameworks */,
				624C654B1C1AFADD00263C20 /* Resources */,
				BD58FC476ED179A45E497B93 /* Embed Pods Frameworks */,
				A740FB4FBBB5F4AF40BF9131 /* Copy Pods Resources */,
			);
			buildRules = (
			);
			dependencies = (
			);
			name = SmallDayDemo;
			productName = SmallDayDemo;
			productReference = 624C654D1C1AFADD00263C20 /* SmallDayDemo.app */;
			productType = "com.apple.product-type.application";
		};
/* End PBXNativeTarget section */

/* Begin PBXProject section */
		624C65451C1AFADD00263C20 /* Project object */ = {
			isa = PBXProject;
			attributes = {
				LastSwiftUpdateCheck = 0720;
				LastUpgradeCheck = 0720;
				ORGANIZATIONNAME = iStig;
				TargetAttributes = {
					624C654C1C1AFADD00263C20 = {
						CreatedOnToolsVersion = 7.2;
					};
				};
			};
			buildConfigurationList = 624C65481C1AFADD00263C20 /* Build configuration list for PBXProject "SmallDayDemo" */;
			compatibilityVersion = "Xcode 3.2";
			developmentRegion = English;
			hasScannedForEncodings = 0;
			knownRegions = (
				en,
				Base,
			);
			mainGroup = 624C65441C1AFADD00263C20;
			productRefGroup = 624C654E1C1AFADD00263C20 /* Products */;
			projectDirPath = "";
			projectRoot = "";
			targets = (
				624C654C1C1AFADD00263C20 /* SmallDayDemo */,
			);
		};
/* End PBXProject section */

/* Begin PBXResourcesBuildPhase section */
		624C654B1C1AFADD00263C20 /* Resources */ = {
			isa = PBXResourcesBuildPhase;
			buildActionMask = 2147483647;
			files = (
				626EC2681C90012B00571467 /* glass.wav in Resources */,
				626EC2171C8FC41600571467 /* themes in Resources */,
				626EC2181C8FC41600571467 /* 三里屯 in Resources */,
				626EC2161C8FC41600571467 /* Nears in Resources */,
				626EC2101C8FC41600571467 /* 798 in Resources */,
				626EC2191C8FC41600571467 /* 南锣鼓巷 in Resources */,
				624C655B1C1AFADD00263C20 /* LaunchScreen.storyboard in Resources */,
				626EC2141C8FC41600571467 /* Experience in Resources */,
				626EC2111C8FC41600571467 /* Classify in Resources */,
				626EC2121C8FC41600571467 /* Details in Resources */,
				624C65581C1AFADD00263C20 /* Assets.xcassets in Resources */,
				626EC2131C8FC41600571467 /* events in Resources */,
				626EC2151C8FC41600571467 /* More in Resources */,
			);
			runOnlyForDeploymentPostprocessing = 0;
		};
/* End PBXResourcesBuildPhase section */

/* Begin PBXShellScriptBuildPhase section */
		396409A8BCC2D47A631E5DBC /* Check Pods Manifest.lock */ = {
			isa = PBXShellScriptBuildPhase;
			buildActionMask = 2147483647;
			files = (
			);
			inputPaths = (
			);
			name = "Check Pods Manifest.lock";
			outputPaths = (
			);
			runOnlyForDeploymentPostprocessing = 0;
			shellPath = /bin/sh;
			shellScript = "diff \"${PODS_ROOT}/../Podfile.lock\" \"${PODS_ROOT}/Manifest.lock\" > /dev/null\nif [[ $? != 0 ]] ; then\n    cat << EOM\nerror: The sandbox is not in sync with the Podfile.lock. Run 'pod install' or update your CocoaPods installation.\nEOM\n    exit 1\nfi\n";
			showEnvVarsInLog = 0;
		};
		A740FB4FBBB5F4AF40BF9131 /* Copy Pods Resources */ = {
			isa = PBXShellScriptBuildPhase;
			buildActionMask = 2147483647;
			files = (
			);
			inputPaths = (
			);
			name = "Copy Pods Resources";
			outputPaths = (
			);
			runOnlyForDeploymentPostprocessing = 0;
			shellPath = /bin/sh;
			shellScript = "\"${SRCROOT}/Pods/Target Support Files/Pods-SmallDayDemo/Pods-SmallDayDemo-resources.sh\"\n";
			showEnvVarsInLog = 0;
		};
		BD58FC476ED179A45E497B93 /* Embed Pods Frameworks */ = {
			isa = PBXShellScriptBuildPhase;
			buildActionMask = 2147483647;
			files = (
			);
			inputPaths = (
			);
			name = "Embed Pods Frameworks";
			outputPaths = (
			);
			runOnlyForDeploymentPostprocessing = 0;
			shellPath = /bin/sh;
			shellScript = "\"${SRCROOT}/Pods/Target Support Files/Pods-SmallDayDemo/Pods-SmallDayDemo-frameworks.sh\"\n";
			showEnvVarsInLog = 0;
		};
/* End PBXShellScriptBuildPhase section */

/* Begin PBXSourcesBuildPhase section */
		624C65491C1AFADD00263C20 /* Sources */ = {
			isa = PBXSourcesBuildPhase;
			buildActionMask = 2147483647;
			files = (
				626EC26C1C9007CB00571467 /* UserInfoManager.swift in Sources */,
				626EC23E1C8FC65400571467 /* AppDelegate.swift in Sources */,
				626EC2441C8FCA4300571467 /* MeViewController.swift in Sources */,
				626EC23B1C8FC42B00571467 /* MainViewController.swift in Sources */,
				626EC2421C8FCA2200571467 /* ClassifyViewController.swift in Sources */,
				626EC23C1C8FC42B00571467 /* theme.swift in Sources */,
				626EC2401C8FC94400571467 /* ExperienceViewController.swift in Sources */,
				626EC2461C8FCE3D00571467 /* UIColor+sdColor.swift in Sources */,
				626EC2391C8FC42B00571467 /* MainNavigationController.swift in Sources */,
				626EC2661C8FFBE400571467 /* RegExCategories.m in Sources */,
				626EC2361C8FC42B00571467 /* DoubleTextView.swift in Sources */,
				626EC23A1C8FC42B00571467 /* MainTabBarController.swift in Sources */,
				626EC2381C8FC42B00571467 /* LeadpageViewController.swift in Sources */,
				626EC2371C8FC42B00571467 /* ExploreViewController.swift in Sources */,
			);
			runOnlyForDeploymentPostprocessing = 0;
		};
/* End PBXSourcesBuildPhase section */

/* Begin PBXVariantGroup section */
		624C65591C1AFADD00263C20 /* LaunchScreen.storyboard */ = {
			isa = PBXVariantGroup;
			children = (
				624C655A1C1AFADD00263C20 /* Base */,
			);
			name = LaunchScreen.storyboard;
			sourceTree = "<group>";
		};
/* End PBXVariantGroup section */

/* Begin XCBuildConfiguration section */
		624C655D1C1AFADD00263C20 /* Debug */ = {
			isa = XCBuildConfiguration;
			buildSettings = {
				ALWAYS_SEARCH_USER_PATHS = NO;
				CLANG_CXX_LANGUAGE_STANDARD = "gnu++0x";
				CLANG_CXX_LIBRARY = "libc++";
				CLANG_ENABLE_MODULES = YES;
				CLANG_ENABLE_OBJC_ARC = YES;
				CLANG_WARN_BOOL_CONVERSION = YES;
				CLANG_WARN_CONSTANT_CONVERSION = YES;
				CLANG_WARN_DIRECT_OBJC_ISA_USAGE = YES_ERROR;
				CLANG_WARN_EMPTY_BODY = YES;
				CLANG_WARN_ENUM_CONVERSION = YES;
				CLANG_WARN_INT_CONVERSION = YES;
				CLANG_WARN_OBJC_ROOT_CLASS = YES_ERROR;
				CLANG_WARN_UNREACHABLE_CODE = YES;
				CLANG_WARN__DUPLICATE_METHOD_MATCH = YES;
				"CODE_SIGN_IDENTITY[sdk=iphoneos*]" = "iPhone Developer";
				COPY_PHASE_STRIP = NO;
				DEBUG_INFORMATION_FORMAT = dwarf;
				ENABLE_STRICT_OBJC_MSGSEND = YES;
				ENABLE_TESTABILITY = YES;
				GCC_C_LANGUAGE_STANDARD = gnu99;
				GCC_DYNAMIC_NO_PIC = NO;
				GCC_NO_COMMON_BLOCKS = YES;
				GCC_OPTIMIZATION_LEVEL = 0;
				GCC_PREPROCESSOR_DEFINITIONS = (
					"DEBUG=1",
					"$(inherited)",
				);
				GCC_WARN_64_TO_32_BIT_CONVERSION = YES;
				GCC_WARN_ABOUT_RETURN_TYPE = YES_ERROR;
				GCC_WARN_UNDECLARED_SELECTOR = YES;
				GCC_WARN_UNINITIALIZED_AUTOS = YES_AGGRESSIVE;
				GCC_WARN_UNUSED_FUNCTION = YES;
				GCC_WARN_UNUSED_VARIABLE = YES;
				IPHONEOS_DEPLOYMENT_TARGET = 9.2;
				MTL_ENABLE_DEBUG_INFO = YES;
				ONLY_ACTIVE_ARCH = YES;
				SDKROOT = iphoneos;
				SWIFT_OPTIMIZATION_LEVEL = "-Onone";
			};
			name = Debug;
		};
		624C655E1C1AFADD00263C20 /* Release */ = {
			isa = XCBuildConfiguration;
			buildSettings = {
				ALWAYS_SEARCH_USER_PATHS = NO;
				CLANG_CXX_LANGUAGE_STANDARD = "gnu++0x";
				CLANG_CXX_LIBRARY = "libc++";
				CLANG_ENABLE_MODULES = YES;
				CLANG_ENABLE_OBJC_ARC = YES;
				CLANG_WARN_BOOL_CONVERSION = YES;
				CLANG_WARN_CONSTANT_CONVERSION = YES;
				CLANG_WARN_DIRECT_OBJC_ISA_USAGE = YES_ERROR;
				CLANG_WARN_EMPTY_BODY = YES;
				CLANG_WARN_ENUM_CONVERSION = YES;
				CLANG_WARN_INT_CONVERSION = YES;
				CLANG_WARN_OBJC_ROOT_CLASS = YES_ERROR;
				CLANG_WARN_UNREACHABLE_CODE = YES;
				CLANG_WARN__DUPLICATE_METHOD_MATCH = YES;
				"CODE_SIGN_IDENTITY[sdk=iphoneos*]" = "iPhone Developer";
				COPY_PHASE_STRIP = NO;
				DEBUG_INFORMATION_FORMAT = "dwarf-with-dsym";
				ENABLE_NS_ASSERTIONS = NO;
				ENABLE_STRICT_OBJC_MSGSEND = YES;
				GCC_C_LANGUAGE_STANDARD = gnu99;
				GCC_NO_COMMON_BLOCKS = YES;
				GCC_WARN_64_TO_32_BIT_CONVERSION = YES;
				GCC_WARN_ABOUT_RETURN_TYPE = YES_ERROR;
				GCC_WARN_UNDECLARED_SELECTOR = YES;
				GCC_WARN_UNINITIALIZED_AUTOS = YES_AGGRESSIVE;
				GCC_WARN_UNUSED_FUNCTION = YES;
				GCC_WARN_UNUSED_VARIABLE = YES;
				IPHONEOS_DEPLOYMENT_TARGET = 9.2;
				MTL_ENABLE_DEBUG_INFO = NO;
				SDKROOT = iphoneos;
				VALIDATE_PRODUCT = YES;
			};
			name = Release;
		};
		624C65601C1AFADD00263C20 /* Debug */ = {
			isa = XCBuildConfiguration;
			baseConfigurationReference = 4D19C03AA66C3DFD046C0B5B /* Pods-SmallDayDemo.debug.xcconfig */;
			buildSettings = {
				ASSETCATALOG_COMPILER_APPICON_NAME = AppIcon;
				CLANG_ENABLE_MODULES = YES;
				INFOPLIST_FILE = SmallDayDemo/Info.plist;
				LD_RUNPATH_SEARCH_PATHS = "$(inherited) @executable_path/Frameworks";
				PRODUCT_BUNDLE_IDENTIFIER = com.easytrip.SmallDayDemo;
				PRODUCT_NAME = "$(TARGET_NAME)";
				SWIFT_OBJC_BRIDGING_HEADER = "SmallDayDemo/SmallDayDemo-Bridging-Header.h";
				SWIFT_OPTIMIZATION_LEVEL = "-Onone";
			};
			name = Debug;
		};
		624C65611C1AFADD00263C20 /* Release */ = {
			isa = XCBuildConfiguration;
			baseConfigurationReference = B6EF97E96F3E6CAFA5376DBE /* Pods-SmallDayDemo.release.xcconfig */;
			buildSettings = {
				ASSETCATALOG_COMPILER_APPICON_NAME = AppIcon;
				CLANG_ENABLE_MODULES = YES;
				INFOPLIST_FILE = SmallDayDemo/Info.plist;
				LD_RUNPATH_SEARCH_PATHS = "$(inherited) @executable_path/Frameworks";
				PRODUCT_BUNDLE_IDENTIFIER = com.easytrip.SmallDayDemo;
				PRODUCT_NAME = "$(TARGET_NAME)";
				SWIFT_OBJC_BRIDGING_HEADER = "SmallDayDemo/SmallDayDemo-Bridging-Header.h";
			};
			name = Release;
		};
/* End XCBuildConfiguration section */

/* Begin XCConfigurationList section */
		624C65481C1AFADD00263C20 /* Build configuration list for PBXProject "SmallDayDemo" */ = {
			isa = XCConfigurationList;
			buildConfigurations = (
				624C655D1C1AFADD00263C20 /* Debug */,
				624C655E1C1AFADD00263C20 /* Release */,
			);
			defaultConfigurationIsVisible = 0;
			defaultConfigurationName = Release;
		};
		624C655F1C1AFADD00263C20 /* Build configuration list for PBXNativeTarget "SmallDayDemo" */ = {
			isa = XCConfigurationList;
			buildConfigurations = (
				624C65601C1AFADD00263C20 /* Debug */,
				624C65611C1AFADD00263C20 /* Release */,
			);
			defaultConfigurationIsVisible = 0;
			defaultConfigurationName = Release;
		};
/* End XCConfigurationList section */
	};
	rootObject = 624C65451C1AFADD00263C20 /* Project object */;
}
